
Microsoft Visual Studio Solution File, Format Version 11.00
# Visual Studio 2010
Project("{FAE04EC0-301F-11D3-BF4B-00C04F79EFBC}") = "Kayak", "Kayak\Kayak.csproj", "{79DDD0CE-6F79-4212-A972-8618AD6E405F}"
EndProject
Project("{FAE04EC0-301F-11D3-BF4B-00C04F79EFBC}") = "KayakExamples", "KayakExamples\KayakExamples.csproj", "{33318990-37F5-4B9D-B3F9-19E7736EE1DC}"
EndProject
Project("{2150E333-8FDC-42A3-9474-1A3956D46DE8}") = "Kayak", "Kayak", "{865AB8B9-60B2-4EDA-AEF3-939CA14ECD80}"
EndProject
Project("{FAE04EC0-301F-11D3-BF4B-00C04F79EFBC}") = "KayakTests", "KayakTests\KayakTests.csproj", "{DA201FE7-FDAF-4B9E-821D-589F93F7245F}"
EndProject
Project("{2150E333-8FDC-42A3-9474-1A3956D46DE8}") = "Dependencies", "Dependencies", "{0E7F7FFF-6C35-4D1C-8ACD-6E7F966DFD89}"
EndProject
Project("{FAE04EC0-301F-11D3-BF4B-00C04F79EFBC}") = "HttpMachine", "lib\httpmachine\HttpMachine\HttpMachine.csproj", "{76FB25C5-15B1-4541-8D19-D78790257C95}"
EndProject
Project("{FAE04EC0-301F-11D3-BF4B-00C04F79EFBC}") = "HttpMachine.Tests", "lib\httpmachine\HttpMachine.Tests\HttpMachine.Tests.csproj", "{75BEA10B-761A-474F-9522-57E8974B52D6}"
EndProject
Project("{FAE04EC0-301F-11D3-BF4B-00C04F79EFBC}") = "Coroutine", "lib\coroutine\src\Coroutine\Coroutine.csproj", "{FD3EBCCF-F96F-405E-9EE9-BC88C38F778C}"
EndProject
Project("{FAE04EC0-301F-11D3-BF4B-00C04F79EFBC}") = "Coroutine.Tests", "lib\coroutine\src\Coroutine.Tests\Coroutine.Tests.csproj", "{9B0C2C69-6FE4-4375-A83C-5C4777B326B2}"
EndProject
Project("{2150E333-8FDC-42A3-9474-1A3956D46DE8}") = "Oars", "Oars", "{EE63DCE9-92FB-4F24-BDC5-7B3F1E3FD755}"
EndProject
Project("{FAE04EC0-301F-11D3-BF4B-00C04F79EFBC}") = "Oars", "lib\oars\Oars\Oars.csproj", "{DD0C9BC5-4181-4ADC-92EB-9E638C9C38A8}"
EndProject
Project("{FAE04EC0-301F-11D3-BF4B-00C04F79EFBC}") = "OarsTests", "lib\oars\OarsTests\OarsTests.csproj", "{66CE5C21-69D5-4AB2-B145-32F1149845BB}"
EndProject
Project("{FAE04EC0-301F-11D3-BF4B-00C04F79EFBC}") = "Kayak.Oars", "Kayak.Oars\Kayak.Oars.csproj", "{AFD5AD70-263E-4162-9A0D-FC892D6480BE}"
EndProject
Project("{2150E333-8FDC-42A3-9474-1A3956D46DE8}") = "Solution Items", "Solution Items", "{56B18F83-DC61-4516-807C-AB6A23CFDCF0}"
	ProjectSection(SolutionItems) = preProject
		Performance1.psess = Performance1.psess
	EndProjectSection
EndProject
Project("{FAE04EC0-301F-11D3-BF4B-00C04F79EFBC}") = "Kayak.Owin", "Kayak.Owin\Kayak.Owin.csproj", "{D98EABAE-CA51-444B-98A5-6E4AFA77B8E9}"
EndProject
Global
	GlobalSection(SolutionConfigurationPlatforms) = preSolution
		Debug 4.0|Any CPU = Debug 4.0|Any CPU
		Debug 4.0|Mixed Platforms = Debug 4.0|Mixed Platforms
		Debug 4.0|x86 = Debug 4.0|x86
		Debug|Any CPU = Debug|Any CPU
		Debug|Mixed Platforms = Debug|Mixed Platforms
		Debug|x86 = Debug|x86
		Release 4.0|Any CPU = Release 4.0|Any CPU
		Release 4.0|Mixed Platforms = Release 4.0|Mixed Platforms
		Release 4.0|x86 = Release 4.0|x86
		Release|Any CPU = Release|Any CPU
		Release|Mixed Platforms = Release|Mixed Platforms
		Release|x86 = Release|x86
	EndGlobalSection
	GlobalSection(ProjectConfigurationPlatforms) = postSolution
		{79DDD0CE-6F79-4212-A972-8618AD6E405F}.Debug 4.0|Any CPU.ActiveCfg = Debug|Any CPU
		{79DDD0CE-6F79-4212-A972-8618AD6E405F}.Debug 4.0|Any CPU.Build.0 = Debug|Any CPU
		{79DDD0CE-6F79-4212-A972-8618AD6E405F}.Debug 4.0|Mixed Platforms.ActiveCfg = Debug|Any CPU
		{79DDD0CE-6F79-4212-A972-8618AD6E405F}.Debug 4.0|Mixed Platforms.Build.0 = Debug|Any CPU
		{79DDD0CE-6F79-4212-A972-8618AD6E405F}.Debug 4.0|x86.ActiveCfg = Debug|Any CPU
		{79DDD0CE-6F79-4212-A972-8618AD6E405F}.Debug|Any CPU.ActiveCfg = Debug|Any CPU
		{79DDD0CE-6F79-4212-A972-8618AD6E405F}.Debug|Any CPU.Build.0 = Debug|Any CPU
		{79DDD0CE-6F79-4212-A972-8618AD6E405F}.Debug|Mixed Platforms.ActiveCfg = Debug|Any CPU
		{79DDD0CE-6F79-4212-A972-8618AD6E405F}.Debug|Mixed Platforms.Build.0 = Debug|Any CPU
		{79DDD0CE-6F79-4212-A972-8618AD6E405F}.Debug|x86.ActiveCfg = Debug|Any CPU
		{79DDD0CE-6F79-4212-A972-8618AD6E405F}.Release 4.0|Any CPU.ActiveCfg = Release|Any CPU
		{79DDD0CE-6F79-4212-A972-8618AD6E405F}.Release 4.0|Any CPU.Build.0 = Release|Any CPU
		{79DDD0CE-6F79-4212-A972-8618AD6E405F}.Release 4.0|Mixed Platforms.ActiveCfg = Release|Any CPU
		{79DDD0CE-6F79-4212-A972-8618AD6E405F}.Release 4.0|Mixed Platforms.Build.0 = Release|Any CPU
		{79DDD0CE-6F79-4212-A972-8618AD6E405F}.Release 4.0|x86.ActiveCfg = Release|Any CPU
		{79DDD0CE-6F79-4212-A972-8618AD6E405F}.Release|Any CPU.ActiveCfg = Release|Any CPU
		{79DDD0CE-6F79-4212-A972-8618AD6E405F}.Release|Any CPU.Build.0 = Release|Any CPU
		{79DDD0CE-6F79-4212-A972-8618AD6E405F}.Release|Mixed Platforms.ActiveCfg = Release|Any CPU
		{79DDD0CE-6F79-4212-A972-8618AD6E405F}.Release|Mixed Platforms.Build.0 = Release|Any CPU
		{79DDD0CE-6F79-4212-A972-8618AD6E405F}.Release|x86.ActiveCfg = Release|Any CPU
		{33318990-37F5-4B9D-B3F9-19E7736EE1DC}.Debug 4.0|Any CPU.ActiveCfg = Debug|Any CPU
		{33318990-37F5-4B9D-B3F9-19E7736EE1DC}.Debug 4.0|Any CPU.Build.0 = Debug|Any CPU
		{33318990-37F5-4B9D-B3F9-19E7736EE1DC}.Debug 4.0|Mixed Platforms.ActiveCfg = Debug|Any CPU
		{33318990-37F5-4B9D-B3F9-19E7736EE1DC}.Debug 4.0|Mixed Platforms.Build.0 = Debug|Any CPU
		{33318990-37F5-4B9D-B3F9-19E7736EE1DC}.Debug 4.0|x86.ActiveCfg = Debug|Any CPU
		{33318990-37F5-4B9D-B3F9-19E7736EE1DC}.Debug|Any CPU.ActiveCfg = Debug|Any CPU
		{33318990-37F5-4B9D-B3F9-19E7736EE1DC}.Debug|Any CPU.Build.0 = Debug|Any CPU
		{33318990-37F5-4B9D-B3F9-19E7736EE1DC}.Debug|Mixed Platforms.ActiveCfg = Debug|Any CPU
		{33318990-37F5-4B9D-B3F9-19E7736EE1DC}.Debug|Mixed Platforms.Build.0 = Debug|Any CPU
		{33318990-37F5-4B9D-B3F9-19E7736EE1DC}.Debug|x86.ActiveCfg = Debug|Any CPU
		{33318990-37F5-4B9D-B3F9-19E7736EE1DC}.Release 4.0|Any CPU.ActiveCfg = Release|Any CPU
		{33318990-37F5-4B9D-B3F9-19E7736EE1DC}.Release 4.0|Any CPU.Build.0 = Release|Any CPU
		{33318990-37F5-4B9D-B3F9-19E7736EE1DC}.Release 4.0|Mixed Platforms.ActiveCfg = Release|Any CPU
		{33318990-37F5-4B9D-B3F9-19E7736EE1DC}.Release 4.0|Mixed Platforms.Build.0 = Release|Any CPU
		{33318990-37F5-4B9D-B3F9-19E7736EE1DC}.Release 4.0|x86.ActiveCfg = Release|Any CPU
		{33318990-37F5-4B9D-B3F9-19E7736EE1DC}.Release|Any CPU.ActiveCfg = Release|Any CPU
		{33318990-37F5-4B9D-B3F9-19E7736EE1DC}.Release|Any CPU.Build.0 = Release|Any CPU
		{33318990-37F5-4B9D-B3F9-19E7736EE1DC}.Release|Mixed Platforms.ActiveCfg = Release|Any CPU
		{33318990-37F5-4B9D-B3F9-19E7736EE1DC}.Release|Mixed Platforms.Build.0 = Release|Any CPU
		{33318990-37F5-4B9D-B3F9-19E7736EE1DC}.Release|x86.ActiveCfg = Release|Any CPU
		{DA201FE7-FDAF-4B9E-821D-589F93F7245F}.Debug 4.0|Any CPU.ActiveCfg = Debug|Any CPU
		{DA201FE7-FDAF-4B9E-821D-589F93F7245F}.Debug 4.0|Any CPU.Build.0 = Debug|Any CPU
		{DA201FE7-FDAF-4B9E-821D-589F93F7245F}.Debug 4.0|Mixed Platforms.ActiveCfg = Debug|Any CPU
		{DA201FE7-FDAF-4B9E-821D-589F93F7245F}.Debug 4.0|Mixed Platforms.Build.0 = Debug|Any CPU
		{DA201FE7-FDAF-4B9E-821D-589F93F7245F}.Debug 4.0|x86.ActiveCfg = Debug|Any CPU
		{DA201FE7-FDAF-4B9E-821D-589F93F7245F}.Debug|Any CPU.ActiveCfg = Debug|Any CPU
		{DA201FE7-FDAF-4B9E-821D-589F93F7245F}.Debug|Any CPU.Build.0 = Debug|Any CPU
		{DA201FE7-FDAF-4B9E-821D-589F93F7245F}.Debug|Mixed Platforms.ActiveCfg = Debug|Any CPU
		{DA201FE7-FDAF-4B9E-821D-589F93F7245F}.Debug|Mixed Platforms.Build.0 = Debug|Any CPU
		{DA201FE7-FDAF-4B9E-821D-589F93F7245F}.Debug|x86.ActiveCfg = Debug|Any CPU
		{DA201FE7-FDAF-4B9E-821D-589F93F7245F}.Release 4.0|Any CPU.ActiveCfg = Release|Any CPU
		{DA201FE7-FDAF-4B9E-821D-589F93F7245F}.Release 4.0|Any CPU.Build.0 = Release|Any CPU
		{DA201FE7-FDAF-4B9E-821D-589F93F7245F}.Release 4.0|Mixed Platforms.ActiveCfg = Release|Any CPU
		{DA201FE7-FDAF-4B9E-821D-589F93F7245F}.Release 4.0|Mixed Platforms.Build.0 = Release|Any CPU
		{DA201FE7-FDAF-4B9E-821D-589F93F7245F}.Release 4.0|x86.ActiveCfg = Release|Any CPU
		{DA201FE7-FDAF-4B9E-821D-589F93F7245F}.Release|Any CPU.ActiveCfg = Release|Any CPU
		{DA201FE7-FDAF-4B9E-821D-589F93F7245F}.Release|Any CPU.Build.0 = Release|Any CPU
		{DA201FE7-FDAF-4B9E-821D-589F93F7245F}.Release|Mixed Platforms.ActiveCfg = Release|Any CPU
		{DA201FE7-FDAF-4B9E-821D-589F93F7245F}.Release|Mixed Platforms.Build.0 = Release|Any CPU
		{DA201FE7-FDAF-4B9E-821D-589F93F7245F}.Release|x86.ActiveCfg = Release|Any CPU
		{76FB25C5-15B1-4541-8D19-D78790257C95}.Debug 4.0|Any CPU.ActiveCfg = Debug|Any CPU
		{76FB25C5-15B1-4541-8D19-D78790257C95}.Debug 4.0|Any CPU.Build.0 = Debug|Any CPU
		{76FB25C5-15B1-4541-8D19-D78790257C95}.Debug 4.0|Mixed Platforms.ActiveCfg = Debug|Any CPU
		{76FB25C5-15B1-4541-8D19-D78790257C95}.Debug 4.0|Mixed Platforms.Build.0 = Debug|Any CPU
		{76FB25C5-15B1-4541-8D19-D78790257C95}.Debug 4.0|x86.ActiveCfg = Debug|Any CPU
		{76FB25C5-15B1-4541-8D19-D78790257C95}.Debug|Any CPU.ActiveCfg = Debug|Any CPU
		{76FB25C5-15B1-4541-8D19-D78790257C95}.Debug|Any CPU.Build.0 = Debug|Any CPU
		{76FB25C5-15B1-4541-8D19-D78790257C95}.Debug|Mixed Platforms.ActiveCfg = Debug|Any CPU
		{76FB25C5-15B1-4541-8D19-D78790257C95}.Debug|Mixed Platforms.Build.0 = Debug|Any CPU
		{76FB25C5-15B1-4541-8D19-D78790257C95}.Debug|x86.ActiveCfg = Debug|Any CPU
		{76FB25C5-15B1-4541-8D19-D78790257C95}.Release 4.0|Any CPU.ActiveCfg = Release|Any CPU
		{76FB25C5-15B1-4541-8D19-D78790257C95}.Release 4.0|Any CPU.Build.0 = Release|Any CPU
		{76FB25C5-15B1-4541-8D19-D78790257C95}.Release 4.0|Mixed Platforms.ActiveCfg = Release|Any CPU
		{76FB25C5-15B1-4541-8D19-D78790257C95}.Release 4.0|Mixed Platforms.Build.0 = Release|Any CPU
		{76FB25C5-15B1-4541-8D19-D78790257C95}.Release 4.0|x86.ActiveCfg = Release|Any CPU
		{76FB25C5-15B1-4541-8D19-D78790257C95}.Release|Any CPU.ActiveCfg = Release|Any CPU
		{76FB25C5-15B1-4541-8D19-D78790257C95}.Release|Any CPU.Build.0 = Release|Any CPU
		{76FB25C5-15B1-4541-8D19-D78790257C95}.Release|Mixed Platforms.ActiveCfg = Release|Any CPU
		{76FB25C5-15B1-4541-8D19-D78790257C95}.Release|Mixed Platforms.Build.0 = Release|Any CPU
		{76FB25C5-15B1-4541-8D19-D78790257C95}.Release|x86.ActiveCfg = Release|Any CPU
		{75BEA10B-761A-474F-9522-57E8974B52D6}.Debug 4.0|Any CPU.ActiveCfg = Debug|Any CPU
		{75BEA10B-761A-474F-9522-57E8974B52D6}.Debug 4.0|Any CPU.Build.0 = Debug|Any CPU
		{75BEA10B-761A-474F-9522-57E8974B52D6}.Debug 4.0|Mixed Platforms.ActiveCfg = Debug|Any CPU
		{75BEA10B-761A-474F-9522-57E8974B52D6}.Debug 4.0|Mixed Platforms.Build.0 = Debug|Any CPU
		{75BEA10B-761A-474F-9522-57E8974B52D6}.Debug 4.0|x86.ActiveCfg = Debug|Any CPU
		{75BEA10B-761A-474F-9522-57E8974B52D6}.Debug|Any CPU.ActiveCfg = Debug|Any CPU
		{75BEA10B-761A-474F-9522-57E8974B52D6}.Debug|Any CPU.Build.0 = Debug|Any CPU
		{75BEA10B-761A-474F-9522-57E8974B52D6}.Debug|Mixed Platforms.ActiveCfg = Debug|Any CPU
		{75BEA10B-761A-474F-9522-57E8974B52D6}.Debug|Mixed Platforms.Build.0 = Debug|Any CPU
		{75BEA10B-761A-474F-9522-57E8974B52D6}.Debug|x86.ActiveCfg = Debug|Any CPU
		{75BEA10B-761A-474F-9522-57E8974B52D6}.Release 4.0|Any CPU.ActiveCfg = Release|Any CPU
		{75BEA10B-761A-474F-9522-57E8974B52D6}.Release 4.0|Any CPU.Build.0 = Release|Any CPU
		{75BEA10B-761A-474F-9522-57E8974B52D6}.Release 4.0|Mixed Platforms.ActiveCfg = Release|Any CPU
		{75BEA10B-761A-474F-9522-57E8974B52D6}.Release 4.0|Mixed Platforms.Build.0 = Release|Any CPU
		{75BEA10B-761A-474F-9522-57E8974B52D6}.Release 4.0|x86.ActiveCfg = Release|Any CPU
		{75BEA10B-761A-474F-9522-57E8974B52D6}.Release|Any CPU.ActiveCfg = Release|Any CPU
		{75BEA10B-761A-474F-9522-57E8974B52D6}.Release|Any CPU.Build.0 = Release|Any CPU
		{75BEA10B-761A-474F-9522-57E8974B52D6}.Release|Mixed Platforms.ActiveCfg = Release|Any CPU
		{75BEA10B-761A-474F-9522-57E8974B52D6}.Release|Mixed Platforms.Build.0 = Release|Any CPU
		{75BEA10B-761A-474F-9522-57E8974B52D6}.Release|x86.ActiveCfg = Release|Any CPU
		{FD3EBCCF-F96F-405E-9EE9-BC88C38F778C}.Debug 4.0|Any CPU.ActiveCfg = Debug|Any CPU
		{FD3EBCCF-F96F-405E-9EE9-BC88C38F778C}.Debug 4.0|Any CPU.Build.0 = Debug|Any CPU
		{FD3EBCCF-F96F-405E-9EE9-BC88C38F778C}.Debug 4.0|Mixed Platforms.ActiveCfg = Debug|Any CPU
		{FD3EBCCF-F96F-405E-9EE9-BC88C38F778C}.Debug 4.0|Mixed Platforms.Build.0 = Debug|Any CPU
		{FD3EBCCF-F96F-405E-9EE9-BC88C38F778C}.Debug 4.0|x86.ActiveCfg = Debug|Any CPU
		{FD3EBCCF-F96F-405E-9EE9-BC88C38F778C}.Debug|Any CPU.ActiveCfg = Debug|Any CPU
		{FD3EBCCF-F96F-405E-9EE9-BC88C38F778C}.Debug|Any CPU.Build.0 = Debug|Any CPU
		{FD3EBCCF-F96F-405E-9EE9-BC88C38F778C}.Debug|Mixed Platforms.ActiveCfg = Debug|Any CPU
		{FD3EBCCF-F96F-405E-9EE9-BC88C38F778C}.Debug|Mixed Platforms.Build.0 = Debug|Any CPU
		{FD3EBCCF-F96F-405E-9EE9-BC88C38F778C}.Debug|x86.ActiveCfg = Debug|Any CPU
		{FD3EBCCF-F96F-405E-9EE9-BC88C38F778C}.Release 4.0|Any CPU.ActiveCfg = Release|Any CPU
		{FD3EBCCF-F96F-405E-9EE9-BC88C38F778C}.Release 4.0|Any CPU.Build.0 = Release|Any CPU
		{FD3EBCCF-F96F-405E-9EE9-BC88C38F778C}.Release 4.0|Mixed Platforms.ActiveCfg = Release|Any CPU
		{FD3EBCCF-F96F-405E-9EE9-BC88C38F778C}.Release 4.0|Mixed Platforms.Build.0 = Release|Any CPU
		{FD3EBCCF-F96F-405E-9EE9-BC88C38F778C}.Release 4.0|x86.ActiveCfg = Release|Any CPU
		{FD3EBCCF-F96F-405E-9EE9-BC88C38F778C}.Release|Any CPU.ActiveCfg = Release|Any CPU
		{FD3EBCCF-F96F-405E-9EE9-BC88C38F778C}.Release|Any CPU.Build.0 = Release|Any CPU
		{FD3EBCCF-F96F-405E-9EE9-BC88C38F778C}.Release|Mixed Platforms.ActiveCfg = Release|Any CPU
		{FD3EBCCF-F96F-405E-9EE9-BC88C38F778C}.Release|Mixed Platforms.Build.0 = Release|Any CPU
		{FD3EBCCF-F96F-405E-9EE9-BC88C38F778C}.Release|x86.ActiveCfg = Release|Any CPU
		{9B0C2C69-6FE4-4375-A83C-5C4777B326B2}.Debug 4.0|Any CPU.ActiveCfg = Debug|Any CPU
		{9B0C2C69-6FE4-4375-A83C-5C4777B326B2}.Debug 4.0|Any CPU.Build.0 = Debug|Any CPU
		{9B0C2C69-6FE4-4375-A83C-5C4777B326B2}.Debug 4.0|Mixed Platforms.ActiveCfg = Debug|Any CPU
		{9B0C2C69-6FE4-4375-A83C-5C4777B326B2}.Debug 4.0|Mixed Platforms.Build.0 = Debug|Any CPU
		{9B0C2C69-6FE4-4375-A83C-5C4777B326B2}.Debug 4.0|x86.ActiveCfg = Debug|Any CPU
		{9B0C2C69-6FE4-4375-A83C-5C4777B326B2}.Debug|Any CPU.ActiveCfg = Debug|Any CPU
		{9B0C2C69-6FE4-4375-A83C-5C4777B326B2}.Debug|Any CPU.Build.0 = Debug|Any CPU
		{9B0C2C69-6FE4-4375-A83C-5C4777B326B2}.Debug|Mixed Platforms.ActiveCfg = Debug|Any CPU
		{9B0C2C69-6FE4-4375-A83C-5C4777B326B2}.Debug|Mixed Platforms.Build.0 = Debug|Any CPU
		{9B0C2C69-6FE4-4375-A83C-5C4777B326B2}.Debug|x86.ActiveCfg = Debug|Any CPU
		{9B0C2C69-6FE4-4375-A83C-5C4777B326B2}.Release 4.0|Any CPU.ActiveCfg = Release|Any CPU
		{9B0C2C69-6FE4-4375-A83C-5C4777B326B2}.Release 4.0|Any CPU.Build.0 = Release|Any CPU
		{9B0C2C69-6FE4-4375-A83C-5C4777B326B2}.Release 4.0|Mixed Platforms.ActiveCfg = Release|Any CPU
		{9B0C2C69-6FE4-4375-A83C-5C4777B326B2}.Release 4.0|Mixed Platforms.Build.0 = Release|Any CPU
		{9B0C2C69-6FE4-4375-A83C-5C4777B326B2}.Release 4.0|x86.ActiveCfg = Release|Any CPU
		{9B0C2C69-6FE4-4375-A83C-5C4777B326B2}.Release|Any CPU.ActiveCfg = Release|Any CPU
		{9B0C2C69-6FE4-4375-A83C-5C4777B326B2}.Release|Any CPU.Build.0 = Release|Any CPU
		{9B0C2C69-6FE4-4375-A83C-5C4777B326B2}.Release|Mixed Platforms.ActiveCfg = Release|Any CPU
		{9B0C2C69-6FE4-4375-A83C-5C4777B326B2}.Release|Mixed Platforms.Build.0 = Release|Any CPU
		{9B0C2C69-6FE4-4375-A83C-5C4777B326B2}.Release|x86.ActiveCfg = Release|Any CPU
		{DD0C9BC5-4181-4ADC-92EB-9E638C9C38A8}.Debug 4.0|Any CPU.ActiveCfg = Debug|Any CPU
		{DD0C9BC5-4181-4ADC-92EB-9E638C9C38A8}.Debug 4.0|Any CPU.Build.0 = Debug|Any CPU
		{DD0C9BC5-4181-4ADC-92EB-9E638C9C38A8}.Debug 4.0|Mixed Platforms.ActiveCfg = Debug|Any CPU
		{DD0C9BC5-4181-4ADC-92EB-9E638C9C38A8}.Debug 4.0|Mixed Platforms.Build.0 = Debug|Any CPU
		{DD0C9BC5-4181-4ADC-92EB-9E638C9C38A8}.Debug 4.0|x86.ActiveCfg = Debug|Any CPU
		{DD0C9BC5-4181-4ADC-92EB-9E638C9C38A8}.Debug|Any CPU.ActiveCfg = Debug|Any CPU
		{DD0C9BC5-4181-4ADC-92EB-9E638C9C38A8}.Debug|Any CPU.Build.0 = Debug|Any CPU
		{DD0C9BC5-4181-4ADC-92EB-9E638C9C38A8}.Debug|Mixed Platforms.ActiveCfg = Debug|Any CPU
		{DD0C9BC5-4181-4ADC-92EB-9E638C9C38A8}.Debug|Mixed Platforms.Build.0 = Debug|Any CPU
		{DD0C9BC5-4181-4ADC-92EB-9E638C9C38A8}.Debug|x86.ActiveCfg = Debug|Any CPU
		{DD0C9BC5-4181-4ADC-92EB-9E638C9C38A8}.Release 4.0|Any CPU.ActiveCfg = Release|Any CPU
		{DD0C9BC5-4181-4ADC-92EB-9E638C9C38A8}.Release 4.0|Any CPU.Build.0 = Release|Any CPU
		{DD0C9BC5-4181-4ADC-92EB-9E638C9C38A8}.Release 4.0|Mixed Platforms.ActiveCfg = Release|Any CPU
		{DD0C9BC5-4181-4ADC-92EB-9E638C9C38A8}.Release 4.0|Mixed Platforms.Build.0 = Release|Any CPU
		{DD0C9BC5-4181-4ADC-92EB-9E638C9C38A8}.Release 4.0|x86.ActiveCfg = Release|Any CPU
		{DD0C9BC5-4181-4ADC-92EB-9E638C9C38A8}.Release|Any CPU.ActiveCfg = Release|Any CPU
		{DD0C9BC5-4181-4ADC-92EB-9E638C9C38A8}.Release|Any CPU.Build.0 = Release|Any CPU
		{DD0C9BC5-4181-4ADC-92EB-9E638C9C38A8}.Release|Mixed Platforms.ActiveCfg = Release|Any CPU
		{DD0C9BC5-4181-4ADC-92EB-9E638C9C38A8}.Release|Mixed Platforms.Build.0 = Release|Any CPU
		{DD0C9BC5-4181-4ADC-92EB-9E638C9C38A8}.Release|x86.ActiveCfg = Release|Any CPU
		{66CE5C21-69D5-4AB2-B145-32F1149845BB}.Debug 4.0|Any CPU.ActiveCfg = Debug|Any CPU
		{66CE5C21-69D5-4AB2-B145-32F1149845BB}.Debug 4.0|Any CPU.Build.0 = Debug|Any CPU
		{66CE5C21-69D5-4AB2-B145-32F1149845BB}.Debug 4.0|Mixed Platforms.ActiveCfg = Debug|Any CPU
		{66CE5C21-69D5-4AB2-B145-32F1149845BB}.Debug 4.0|Mixed Platforms.Build.0 = Debug|Any CPU
		{66CE5C21-69D5-4AB2-B145-32F1149845BB}.Debug 4.0|x86.ActiveCfg = Debug|Any CPU
		{66CE5C21-69D5-4AB2-B145-32F1149845BB}.Debug|Any CPU.ActiveCfg = Debug|Any CPU
		{66CE5C21-69D5-4AB2-B145-32F1149845BB}.Debug|Any CPU.Build.0 = Debug|Any CPU
		{66CE5C21-69D5-4AB2-B145-32F1149845BB}.Debug|Mixed Platforms.ActiveCfg = Debug|Any CPU
		{66CE5C21-69D5-4AB2-B145-32F1149845BB}.Debug|Mixed Platforms.Build.0 = Debug|Any CPU
		{66CE5C21-69D5-4AB2-B145-32F1149845BB}.Debug|x86.ActiveCfg = Debug|Any CPU
		{66CE5C21-69D5-4AB2-B145-32F1149845BB}.Release 4.0|Any CPU.ActiveCfg = Release|Any CPU
		{66CE5C21-69D5-4AB2-B145-32F1149845BB}.Release 4.0|Any CPU.Build.0 = Release|Any CPU
		{66CE5C21-69D5-4AB2-B145-32F1149845BB}.Release 4.0|Mixed Platforms.ActiveCfg = Release|Any CPU
		{66CE5C21-69D5-4AB2-B145-32F1149845BB}.Release 4.0|Mixed Platforms.Build.0 = Release|Any CPU
		{66CE5C21-69D5-4AB2-B145-32F1149845BB}.Release 4.0|x86.ActiveCfg = Release|Any CPU
		{66CE5C21-69D5-4AB2-B145-32F1149845BB}.Release|Any CPU.ActiveCfg = Release|Any CPU
		{66CE5C21-69D5-4AB2-B145-32F1149845BB}.Release|Any CPU.Build.0 = Release|Any CPU
		{66CE5C21-69D5-4AB2-B145-32F1149845BB}.Release|Mixed Platforms.ActiveCfg = Release|Any CPU
		{66CE5C21-69D5-4AB2-B145-32F1149845BB}.Release|Mixed Platforms.Build.0 = Release|Any CPU
		{66CE5C21-69D5-4AB2-B145-32F1149845BB}.Release|x86.ActiveCfg = Release|Any CPU
		{AFD5AD70-263E-4162-9A0D-FC892D6480BE}.Debug 4.0|Any CPU.ActiveCfg = Debug|Any CPU
		{AFD5AD70-263E-4162-9A0D-FC892D6480BE}.Debug 4.0|Any CPU.Build.0 = Debug|Any CPU
		{AFD5AD70-263E-4162-9A0D-FC892D6480BE}.Debug 4.0|Mixed Platforms.ActiveCfg = Debug|Any CPU
		{AFD5AD70-263E-4162-9A0D-FC892D6480BE}.Debug 4.0|Mixed Platforms.Build.0 = Debug|Any CPU
		{AFD5AD70-263E-4162-9A0D-FC892D6480BE}.Debug 4.0|x86.ActiveCfg = Debug|Any CPU
		{AFD5AD70-263E-4162-9A0D-FC892D6480BE}.Debug|Any CPU.ActiveCfg = Debug|Any CPU
		{AFD5AD70-263E-4162-9A0D-FC892D6480BE}.Debug|Any CPU.Build.0 = Debug|Any CPU
		{AFD5AD70-263E-4162-9A0D-FC892D6480BE}.Debug|Mixed Platforms.ActiveCfg = Debug|Any CPU
		{AFD5AD70-263E-4162-9A0D-FC892D6480BE}.Debug|Mixed Platforms.Build.0 = Debug|Any CPU
		{AFD5AD70-263E-4162-9A0D-FC892D6480BE}.Debug|x86.ActiveCfg = Debug|Any CPU
		{AFD5AD70-263E-4162-9A0D-FC892D6480BE}.Release 4.0|Any CPU.ActiveCfg = Release|Any CPU
		{AFD5AD70-263E-4162-9A0D-FC892D6480BE}.Release 4.0|Any CPU.Build.0 = Release|Any CPU
		{AFD5AD70-263E-4162-9A0D-FC892D6480BE}.Release 4.0|Mixed Platforms.ActiveCfg = Release|Any CPU
		{AFD5AD70-263E-4162-9A0D-FC892D6480BE}.Release 4.0|Mixed Platforms.Build.0 = Release|Any CPU
		{AFD5AD70-263E-4162-9A0D-FC892D6480BE}.Release 4.0|x86.ActiveCfg = Release|Any CPU
		{AFD5AD70-263E-4162-9A0D-FC892D6480BE}.Release|Any CPU.ActiveCfg = Release|Any CPU
		{AFD5AD70-263E-4162-9A0D-FC892D6480BE}.Release|Any CPU.Build.0 = Release|Any CPU
		{AFD5AD70-263E-4162-9A0D-FC892D6480BE}.Release|Mixed Platforms.ActiveCfg = Release|Any CPU
		{AFD5AD70-263E-4162-9A0D-FC892D6480BE}.Release|Mixed Platforms.Build.0 = Release|Any CPU
		{AFD5AD70-263E-4162-9A0D-FC892D6480BE}.Release|x86.ActiveCfg = Release|Any CPU
		{D98EABAE-CA51-444B-98A5-6E4AFA77B8E9}.Debug 4.0|Any CPU.ActiveCfg = Debug|Any CPU
		{D98EABAE-CA51-444B-98A5-6E4AFA77B8E9}.Debug 4.0|Any CPU.Build.0 = Debug|Any CPU
		{D98EABAE-CA51-444B-98A5-6E4AFA77B8E9}.Debug 4.0|Mixed Platforms.ActiveCfg = Debug|Any CPU
		{D98EABAE-CA51-444B-98A5-6E4AFA77B8E9}.Debug 4.0|Mixed Platforms.Build.0 = Debug|Any CPU
		{D98EABAE-CA51-444B-98A5-6E4AFA77B8E9}.Debug 4.0|x86.ActiveCfg = Debug|Any CPU
		{D98EABAE-CA51-444B-98A5-6E4AFA77B8E9}.Debug|Any CPU.ActiveCfg = Debug|Any CPU
		{D98EABAE-CA51-444B-98A5-6E4AFA77B8E9}.Debug|Any CPU.Build.0 = Debug|Any CPU
		{D98EABAE-CA51-444B-98A5-6E4AFA77B8E9}.Debug|Mixed Platforms.ActiveCfg = Debug|Any CPU
		{D98EABAE-CA51-444B-98A5-6E4AFA77B8E9}.Debug|Mixed Platforms.Build.0 = Debug|Any CPU
		{D98EABAE-CA51-444B-98A5-6E4AFA77B8E9}.Debug|x86.ActiveCfg = Debug|Any CPU
		{D98EABAE-CA51-444B-98A5-6E4AFA77B8E9}.Release 4.0|Any CPU.ActiveCfg = Release|Any CPU
		{D98EABAE-CA51-444B-98A5-6E4AFA77B8E9}.Release 4.0|Any CPU.Build.0 = Release|Any CPU
		{D98EABAE-CA51-444B-98A5-6E4AFA77B8E9}.Release 4.0|Mixed Platforms.ActiveCfg = Release|Any CPU
		{D98EABAE-CA51-444B-98A5-6E4AFA77B8E9}.Release 4.0|Mixed Platforms.Build.0 = Release|Any CPU
		{D98EABAE-CA51-444B-98A5-6E4AFA77B8E9}.Release 4.0|x86.ActiveCfg = Release|Any CPU
		{D98EABAE-CA51-444B-98A5-6E4AFA77B8E9}.Release|Any CPU.ActiveCfg = Release|Any CPU
		{D98EABAE-CA51-444B-98A5-6E4AFA77B8E9}.Release|Any CPU.Build.0 = Release|Any CPU
		{D98EABAE-CA51-444B-98A5-6E4AFA77B8E9}.Release|Mixed Platforms.ActiveCfg = Release|Any CPU
		{D98EABAE-CA51-444B-98A5-6E4AFA77B8E9}.Release|Mixed Platforms.Build.0 = Release|Any CPU
		{D98EABAE-CA51-444B-98A5-6E4AFA77B8E9}.Release|x86.ActiveCfg = Release|Any CPU
	EndGlobalSection
	GlobalSection(SolutionProperties) = preSolution
		HideSolutionNode = FALSE
	EndGlobalSection
	GlobalSection(NestedProjects) = preSolution
		{79DDD0CE-6F79-4212-A972-8618AD6E405F} = {865AB8B9-60B2-4EDA-AEF3-939CA14ECD80}
		{DA201FE7-FDAF-4B9E-821D-589F93F7245F} = {865AB8B9-60B2-4EDA-AEF3-939CA14ECD80}
		{0E7F7FFF-6C35-4D1C-8ACD-6E7F966DFD89} = {865AB8B9-60B2-4EDA-AEF3-939CA14ECD80}
		{76FB25C5-15B1-4541-8D19-D78790257C95} = {0E7F7FFF-6C35-4D1C-8ACD-6E7F966DFD89}
		{75BEA10B-761A-474F-9522-57E8974B52D6} = {0E7F7FFF-6C35-4D1C-8ACD-6E7F966DFD89}
		{FD3EBCCF-F96F-405E-9EE9-BC88C38F778C} = {0E7F7FFF-6C35-4D1C-8ACD-6E7F966DFD89}
		{9B0C2C69-6FE4-4375-A83C-5C4777B326B2} = {0E7F7FFF-6C35-4D1C-8ACD-6E7F966DFD89}
		{DD0C9BC5-4181-4ADC-92EB-9E638C9C38A8} = {EE63DCE9-92FB-4F24-BDC5-7B3F1E3FD755}
		{66CE5C21-69D5-4AB2-B145-32F1149845BB} = {EE63DCE9-92FB-4F24-BDC5-7B3F1E3FD755}
		{AFD5AD70-263E-4162-9A0D-FC892D6480BE} = {EE63DCE9-92FB-4F24-BDC5-7B3F1E3FD755}
	EndGlobalSection
	GlobalSection(MonoDevelopProperties) = preSolution
		StartupItem = Kayak\Kayak.csproj
	EndGlobalSection
EndGlobal
